
Microsoft Visual Studio Solution File, Format Version 12.00
# Visual Studio Version 16
VisualStudioVersion = 16.0.30128.74
MinimumVisualStudioVersion = 10.0.40219.1
Project("{FAE04EC0-301F-11D3-BF4B-00C04F79EFBC}") = "BlazorApp.UI", "BlazorApp.UI\BlazorApp.UI.csproj", "{01580572-EF49-422B-BE14-12572CC77C37}"
EndProject
Project("{FAE04EC0-301F-11D3-BF4B-00C04F79EFBC}") = "BlazorCRUB.Model", "BlazorCRUB.Model\BlazorCRUB.Model.csproj", "{4E8E1EF5-766E-450F-A963-831310BB26B2}"
EndProject
Project("{FAE04EC0-301F-11D3-BF4B-00C04F79EFBC}") = "BlazorCRUB.Data.Dapper", "BlazorCRUB.Data.Dapper\BlazorCRUB.Data.Dapper.csproj", "{2CF8F8D6-2BDE-4FF7-B628-15324390548B}"
EndProject
Global
	GlobalSection(SolutionConfigurationPlatforms) = preSolution
		Debug|Any CPU = Debug|Any CPU
		Release|Any CPU = Release|Any CPU
	EndGlobalSection
	GlobalSection(ProjectConfigurationPlatforms) = postSolution
		{01580572-EF49-422B-BE14-12572CC77C37}.Debug|Any CPU.ActiveCfg = Debug|Any CPU
		{01580572-EF49-422B-BE14-12572CC77C37}.Debug|Any CPU.Build.0 = Debug|Any CPU
		{01580572-EF49-422B-BE14-12572CC77C37}.Release|Any CPU.ActiveCfg = Release|Any CPU
		{01580572-EF49-422B-BE14-12572CC77C37}.Release|Any CPU.Build.0 = Release|Any CPU
		{4E8E1EF5-766E-450F-A963-831310BB26B2}.Debug|Any CPU.ActiveCfg = Debug|Any CPU
		{4E8E1EF5-766E-450F-A963-831310BB26B2}.Debug|Any CPU.Build.0 = Debug|Any CPU
		{4E8E1EF5-766E-450F-A963-831310BB26B2}.Release|Any CPU.ActiveCfg = Release|Any CPU
		{4E8E1EF5-766E-450F-A963-831310BB26B2}.Release|Any CPU.Build.0 = Release|Any CPU
		{2CF8F8D6-2BDE-4FF7-B628-15324390548B}.Debug|Any CPU.ActiveCfg = Debug|Any CPU
		{2CF8F8D6-2BDE-4FF7-B628-15324390548B}.Debug|Any CPU.Build.0 = Debug|Any CPU
		{2CF8F8D6-2BDE-4FF7-B628-15324390548B}.Release|Any CPU.ActiveCfg = Release|Any CPU
		{2CF8F8D6-2BDE-4FF7-B628-15324390548B}.Release|Any CPU.Build.0 = Release|Any CPU
	EndGlobalSection
	GlobalSection(SolutionProperties) = preSolution
		HideSolutionNode = FALSE
	EndGlobalSection
	GlobalSection(ExtensibilityGlobals) = postSolution
		SolutionGuid = {582BA78F-7772-46D4-8608-553011FA3752}
	EndGlobalSection
EndGlobal
